
Microsoft Visual Studio Solution File, Format Version 12.00
# Visual Studio Version 17
VisualStudioVersion = 17.8.34316.72
MinimumVisualStudioVersion = 10.0.40219.1
Project("{FAE04EC0-301F-11D3-BF4B-00C04F79EFBC}") = "FlipIt", "FlipIt\FlipIt.csproj", "{C79DC106-23F3-4FA7-BA69-6B8684C4AD9F}"
EndProject
Global
	GlobalSection(SolutionConfigurationPlatforms) = preSolution
		Debug|ARM64 = Debug|ARM64
		Debug|x86 = Debug|x86
		Release|ARM64 = Release|ARM64
		Release|x86 = Release|x86
	EndGlobalSection
	GlobalSection(ProjectConfigurationPlatforms) = postSolution
		{C79DC106-23F3-4FA7-BA69-6B8684C4AD9F}.Debug|ARM64.ActiveCfg = Release|ARM64
		{C79DC106-23F3-4FA7-BA69-6B8684C4AD9F}.Debug|ARM64.Build.0 = Release|ARM64
		{C79DC106-23F3-4FA7-BA69-6B8684C4AD9F}.Debug|x86.ActiveCfg = Release|x86
		{C79DC106-23F3-4FA7-BA69-6B8684C4AD9F}.Debug|x86.Build.0 = Release|x86
		{C79DC106-23F3-4FA7-BA69-6B8684C4AD9F}.Release|ARM64.ActiveCfg = Release|ARM64
		{C79DC106-23F3-4FA7-BA69-6B8684C4AD9F}.Release|ARM64.Build.0 = Release|ARM64
		{C79DC106-23F3-4FA7-BA69-6B8684C4AD9F}.Release|x86.ActiveCfg = Release|x86
		{C79DC106-23F3-4FA7-BA69-6B8684C4AD9F}.Release|x86.Build.0 = Release|x86
	EndGlobalSection
	GlobalSection(SolutionProperties) = preSolution
		HideSolutionNode = FALSE
	EndGlobalSection
	GlobalSection(ExtensibilityGlobals) = postSolution
		SolutionGuid = {00565EC1-AD51-4412-973A-1416B2A4FEB9}
	EndGlobalSection
EndGlobal
